
Microsoft Visual Studio Solution File, Format Version 12.00
# Visual Studio Version 17
VisualStudioVersion = 17.3.32825.248
MinimumVisualStudioVersion = 10.0.40219.1
Project("{2150E333-8FDC-42A3-9474-1A3956D46DE8}") = "MVC", "MVC", "{9994F0EF-AA52-4E04-A5D6-A1635D5DD171}"
EndProject
Project("{2150E333-8FDC-42A3-9474-1A3956D46DE8}") = "Authentication", "Authentication", "{B26870CF-064F-48D9-B913-661689D71106}"
EndProject
Project("{2150E333-8FDC-42A3-9474-1A3956D46DE8}") = "Resources", "Resources", "{47FE07C2-41D4-4392-A500-E17532302D16}"
EndProject
Project("{2150E333-8FDC-42A3-9474-1A3956D46DE8}") = "Tests", "Tests", "{2B094A30-7D13-4E26-AA1C-8B3E86D3C14D}"
EndProject
Project("{2150E333-8FDC-42A3-9474-1A3956D46DE8}") = "Tests", "Tests", "{564790FB-B312-4CB8-B100-51EF45EB633B}"
EndProject
Project("{2150E333-8FDC-42A3-9474-1A3956D46DE8}") = "Tests", "Tests", "{F8A94A0B-034D-4CEF-83FC-83AF1A1CA8CF}"
EndProject
Project("{2150E333-8FDC-42A3-9474-1A3956D46DE8}") = "Application", "Application", "{B781618E-3802-4409-B2D9-C6416EA362BE}"
EndProject
Project("{2150E333-8FDC-42A3-9474-1A3956D46DE8}") = "Application", "Application", "{5DB133C4-2EB7-4207-8E55-9307E65A0B8A}"
EndProject
Project("{2150E333-8FDC-42A3-9474-1A3956D46DE8}") = "Application", "Application", "{69E6EB13-876F-4E0C-95F5-14EEAC1911DC}"
EndProject
Project("{9A19103F-16F7-4668-BE54-9A1E7A4F7556}") = "PostTask.Client", "MVC\Application\PostTask.Client\PostTask.Client.csproj", "{97F9D135-537A-40AD-86C7-7F482B8C33D3}"
EndProject
Project("{9A19103F-16F7-4668-BE54-9A1E7A4F7556}") = "PostTask.Client.Tests", "MVC\Tests\PostTask.Client.Tests\PostTask.Client.Tests.csproj", "{82AEC886-6B66-478F-98DC-C781D49EA154}"
EndProject
Project("{9A19103F-16F7-4668-BE54-9A1E7A4F7556}") = "PostTask.Authentication", "Authentication\Application\PostTask.Authentication\PostTask.Authentication.csproj", "{D88856D1-3ED4-4591-99B1-9C8C68C369C9}"
EndProject
Project("{FAE04EC0-301F-11D3-BF4B-00C04F79EFBC}") = "PostTask.Client.Domain", "MVC\Application\PostTask.Client.Domain\PostTask.Client.Domain.csproj", "{893120D4-EE8A-4313-93E2-00F58F012DB6}"
EndProject
Project("{FAE04EC0-301F-11D3-BF4B-00C04F79EFBC}") = "PostTask.Client.Core", "MVC\Application\PostTask.Client.Core\PostTask.Client.Core.csproj", "{5A6F3953-6C02-4286-BB08-695F08018A39}"
EndProject
Project("{FAE04EC0-301F-11D3-BF4B-00C04F79EFBC}") = "PostTask.Client.Shared", "MVC\Application\PostTask.Client.Shared\PostTask.Client.Shared.csproj", "{1ECEA228-EB11-4612-9924-971A88CB5328}"
EndProject
Global
	GlobalSection(SolutionConfigurationPlatforms) = preSolution
		Debug|Any CPU = Debug|Any CPU
		Release|Any CPU = Release|Any CPU
	EndGlobalSection
	GlobalSection(ProjectConfigurationPlatforms) = postSolution
		{97F9D135-537A-40AD-86C7-7F482B8C33D3}.Debug|Any CPU.ActiveCfg = Debug|Any CPU
		{97F9D135-537A-40AD-86C7-7F482B8C33D3}.Debug|Any CPU.Build.0 = Debug|Any CPU
		{97F9D135-537A-40AD-86C7-7F482B8C33D3}.Release|Any CPU.ActiveCfg = Release|Any CPU
		{97F9D135-537A-40AD-86C7-7F482B8C33D3}.Release|Any CPU.Build.0 = Release|Any CPU
		{82AEC886-6B66-478F-98DC-C781D49EA154}.Debug|Any CPU.ActiveCfg = Debug|Any CPU
		{82AEC886-6B66-478F-98DC-C781D49EA154}.Debug|Any CPU.Build.0 = Debug|Any CPU
		{82AEC886-6B66-478F-98DC-C781D49EA154}.Release|Any CPU.ActiveCfg = Release|Any CPU
		{82AEC886-6B66-478F-98DC-C781D49EA154}.Release|Any CPU.Build.0 = Release|Any CPU
		{D88856D1-3ED4-4591-99B1-9C8C68C369C9}.Debug|Any CPU.ActiveCfg = Debug|Any CPU
		{D88856D1-3ED4-4591-99B1-9C8C68C369C9}.Debug|Any CPU.Build.0 = Debug|Any CPU
		{D88856D1-3ED4-4591-99B1-9C8C68C369C9}.Release|Any CPU.ActiveCfg = Release|Any CPU
		{D88856D1-3ED4-4591-99B1-9C8C68C369C9}.Release|Any CPU.Build.0 = Release|Any CPU
		{893120D4-EE8A-4313-93E2-00F58F012DB6}.Debug|Any CPU.ActiveCfg = Debug|Any CPU
		{893120D4-EE8A-4313-93E2-00F58F012DB6}.Debug|Any CPU.Build.0 = Debug|Any CPU
		{893120D4-EE8A-4313-93E2-00F58F012DB6}.Release|Any CPU.ActiveCfg = Release|Any CPU
		{893120D4-EE8A-4313-93E2-00F58F012DB6}.Release|Any CPU.Build.0 = Release|Any CPU
		{5A6F3953-6C02-4286-BB08-695F08018A39}.Debug|Any CPU.ActiveCfg = Debug|Any CPU
		{5A6F3953-6C02-4286-BB08-695F08018A39}.Debug|Any CPU.Build.0 = Debug|Any CPU
		{5A6F3953-6C02-4286-BB08-695F08018A39}.Release|Any CPU.ActiveCfg = Release|Any CPU
		{5A6F3953-6C02-4286-BB08-695F08018A39}.Release|Any CPU.Build.0 = Release|Any CPU
		{1ECEA228-EB11-4612-9924-971A88CB5328}.Debug|Any CPU.ActiveCfg = Debug|Any CPU
		{1ECEA228-EB11-4612-9924-971A88CB5328}.Debug|Any CPU.Build.0 = Debug|Any CPU
		{1ECEA228-EB11-4612-9924-971A88CB5328}.Release|Any CPU.ActiveCfg = Release|Any CPU
		{1ECEA228-EB11-4612-9924-971A88CB5328}.Release|Any CPU.Build.0 = Release|Any CPU
	EndGlobalSection
	GlobalSection(SolutionProperties) = preSolution
		HideSolutionNode = FALSE
	EndGlobalSection
	GlobalSection(NestedProjects) = preSolution
		{2B094A30-7D13-4E26-AA1C-8B3E86D3C14D} = {B26870CF-064F-48D9-B913-661689D71106}
		{564790FB-B312-4CB8-B100-51EF45EB633B} = {9994F0EF-AA52-4E04-A5D6-A1635D5DD171}
		{F8A94A0B-034D-4CEF-83FC-83AF1A1CA8CF} = {47FE07C2-41D4-4392-A500-E17532302D16}
		{B781618E-3802-4409-B2D9-C6416EA362BE} = {9994F0EF-AA52-4E04-A5D6-A1635D5DD171}
		{5DB133C4-2EB7-4207-8E55-9307E65A0B8A} = {47FE07C2-41D4-4392-A500-E17532302D16}
		{69E6EB13-876F-4E0C-95F5-14EEAC1911DC} = {B26870CF-064F-48D9-B913-661689D71106}
		{97F9D135-537A-40AD-86C7-7F482B8C33D3} = {B781618E-3802-4409-B2D9-C6416EA362BE}
		{82AEC886-6B66-478F-98DC-C781D49EA154} = {564790FB-B312-4CB8-B100-51EF45EB633B}
		{D88856D1-3ED4-4591-99B1-9C8C68C369C9} = {69E6EB13-876F-4E0C-95F5-14EEAC1911DC}
		{893120D4-EE8A-4313-93E2-00F58F012DB6} = {B781618E-3802-4409-B2D9-C6416EA362BE}
		{5A6F3953-6C02-4286-BB08-695F08018A39} = {B781618E-3802-4409-B2D9-C6416EA362BE}
		{1ECEA228-EB11-4612-9924-971A88CB5328} = {B781618E-3802-4409-B2D9-C6416EA362BE}
	EndGlobalSection
	GlobalSection(ExtensibilityGlobals) = postSolution
		SolutionGuid = {89578756-D36B-4AF6-86FA-A060BF69CF23}
	EndGlobalSection
EndGlobal
